// !$*UTF8*$!
{
	archiveVersion = 1;
	classes = {
	};
	objectVersion = 46;
	objects = {

/* Begin PBXBuildFile section */
		FAB92B0F1A7BF8B000FBB289 /* AppDelegate.swift in Sources */ = {isa = PBXBuildFile; fileRef = FAB92B0E1A7BF8B000FBB289 /* AppDelegate.swift */; };
		FAB92B111A7BF8B000FBB289 /* ViewController.swift in Sources */ = {isa = PBXBuildFile; fileRef = FAB92B101A7BF8B000FBB289 /* ViewController.swift */; };
		FAB92B141A7BF8B000FBB289 /* Main.storyboard in Resources */ = {isa = PBXBuildFile; fileRef = FAB92B121A7BF8B000FBB289 /* Main.storyboard */; };
		FAB92B161A7BF8B000FBB289 /* Images.xcassets in Resources */ = {isa = PBXBuildFile; fileRef = FAB92B151A7BF8B000FBB289 /* Images.xcassets */; };
		FAB92B191A7BF8B000FBB289 /* LaunchScreen.xib in Resources */ = {isa = PBXBuildFile; fileRef = FAB92B171A7BF8B000FBB289 /* LaunchScreen.xib */; };
		FAB92B251A7BF8B000FBB289 /* StenfordCalculatorTests.swift in Sources */ = {isa = PBXBuildFile; fileRef = FAB92B241A7BF8B000FBB289 /* StenfordCalculatorTests.swift */; };
/* End PBXBuildFile section */

/* Begin PBXContainerItemProxy section */
		FAB92B1F1A7BF8B000FBB289 /* PBXContainerItemProxy */ = {
			isa = PBXContainerItemProxy;
			containerPortal = FAB92B011A7BF8B000FBB289 /* Project object */;
			proxyType = 1;
			remoteGlobalIDString = FAB92B081A7BF8B000FBB289;
			remoteInfo = StenfordCalculator;
		};
/* End PBXContainerItemProxy section */

/* Begin PBXFileReference section */
		FAB92B091A7BF8B000FBB289 /* StenfordCalculator.app */ = {isa = PBXFileReference; explicitFileType = wrapper.application; includeInIndex = 0; path = StenfordCalculator.app; sourceTree = BUILT_PRODUCTS_DIR; };
		FAB92B0D1A7BF8B000FBB289 /* Info.plist */ = {isa = PBXFileReference; lastKnownFileType = text.plist.xml; path = Info.plist; sourceTree = "<group>"; };
		FAB92B0E1A7BF8B000FBB289 /* AppDelegate.swift */ = {isa = PBXFileReference; lastKnownFileType = sourcecode.swift; path = AppDelegate.swift; sourceTree = "<group>"; };
		FAB92B101A7BF8B000FBB289 /* ViewController.swift */ = {isa = PBXFileReference; lastKnownFileType = sourcecode.swift; path = ViewController.swift; sourceTree = "<group>"; };
		FAB92B131A7BF8B000FBB289 /* Base */ = {isa = PBXFileReference; lastKnownFileType = file.storyboard; name = Base; path = Base.lproj/Main.storyboard; sourceTree = "<group>"; };
		FAB92B151A7BF8B000FBB289 /* Images.xcassets */ = {isa = PBXFileReference; lastKnownFileType = folder.assetcatalog; path = Images.xcassets; sourceTree = "<group>"; };
		FAB92B181A7BF8B000FBB289 /* Base */ = {isa = PBXFileReference; lastKnownFileType = file.xib; name = Base; path = Base.lproj/LaunchScreen.xib; sourceTree = "<group>"; };
		FAB92B1E1A7BF8B000FBB289 /* StenfordCalculatorTests.xctest */ = {isa = PBXFileReference; explicitFileType = wrapper.cfbundle; includeInIndex = 0; path = StenfordCalculatorTests.xctest; sourceTree = BUILT_PRODUCTS_DIR; };
		FAB92B231A7BF8B000FBB289 /* Info.plist */ = {isa = PBXFileReference; lastKnownFileType = text.plist.xml; path = Info.plist; sourceTree = "<group>"; };
		FAB92B241A7BF8B000FBB289 /* StenfordCalculatorTests.swift */ = {isa = PBXFileReference; lastKnownFileType = sourcecode.swift; path = StenfordCalculatorTests.swift; sourceTree = "<group>"; };
/* End PBXFileReference section */

/* Begin PBXFrameworksBuildPhase section */
		FAB92B061A7BF8B000FBB289 /* Frameworks */ = {
			isa = PBXFrameworksBuildPhase;
			buildActionMask = 2147483647;
			files = (
			);
			runOnlyForDeploymentPostprocessing = 0;
		};
		FAB92B1B1A7BF8B000FBB289 /* Frameworks */ = {
			isa = PBXFrameworksBuildPhase;
			buildActionMask = 2147483647;
			files = (
			);
			runOnlyForDeploymentPostprocessing = 0;
		};
/* End PBXFrameworksBuildPhase section */

/* Begin PBXGroup section */
		FAB92B001A7BF8B000FBB289 = {
			isa = PBXGroup;
			children = (
				FAB92B0B1A7BF8B000FBB289 /* StenfordCalculator */,
				FAB92B211A7BF8B000FBB289 /* StenfordCalculatorTests */,
				FAB92B0A1A7BF8B000FBB289 /* Products */,
			);
			sourceTree = "<group>";
		};
		FAB92B0A1A7BF8B000FBB289 /* Products */ = {
			isa = PBXGroup;
			children = (
				FAB92B091A7BF8B000FBB289 /* StenfordCalculator.app */,
				FAB92B1E1A7BF8B000FBB289 /* StenfordCalculatorTests.xctest */,
			);
			name = Products;
			sourceTree = "<group>";
		};
		FAB92B0B1A7BF8B000FBB289 /* StenfordCalculator */ = {
			isa = PBXGroup;
			children = (
				FAB92B101A7BF8B000FBB289 /* ViewController.swift */,
				FAB92B121A7BF8B000FBB289 /* Main.storyboard */,
				FAB92B0C1A7BF8B000FBB289 /* Supporting Files */,
			);
			path = StenfordCalculator;
			sourceTree = "<group>";
		};
		FAB92B0C1A7BF8B000FBB289 /* Supporting Files */ = {
			isa = PBXGroup;
			children = (
				FAB92B0E1A7BF8B000FBB289 /* AppDelegate.swift */,
				FAB92B151A7BF8B000FBB289 /* Images.xcassets */,
				FAB92B171A7BF8B000FBB289 /* LaunchScreen.xib */,
				FAB92B0D1A7BF8B000FBB289 /* Info.plist */,
			);
			name = "Supporting Files";
			sourceTree = "<group>";
		};
		FAB92B211A7BF8B000FBB289 /* StenfordCalculatorTests */ = {
			isa = PBXGroup;
			children = (
				FAB92B241A7BF8B000FBB289 /* StenfordCalculatorTests.swift */,
				FAB92B221A7BF8B000FBB289 /* Supporting Files */,
			);
			path = StenfordCalculatorTests;
			sourceTree = "<group>";
		};
		FAB92B221A7BF8B000FBB289 /* Supporting Files */ = {
			isa = PBXGroup;
			children = (
				FAB92B231A7BF8B000FBB289 /* Info.plist */,
			);
			name = "Supporting Files";
			sourceTree = "<group>";
		};
/* End PBXGroup section */

/* Begin PBXNativeTarget section */
		FAB92B081A7BF8B000FBB289 /* StenfordCalculator */ = {
			isa = PBXNativeTarget;
			buildConfigurationList = FAB92B281A7BF8B000FBB289 /* Build configuration list for PBXNativeTarget "StenfordCalculator" */;
			buildPhases = (
				FAB92B051A7BF8B000FBB289 /* Sources */,
				FAB92B061A7BF8B000FBB289 /* Frameworks */,
				FAB92B071A7BF8B000FBB289 /* Resources */,
			);
			buildRules = (
			);
			dependencies = (
			);
			name = StenfordCalculator;
			productName = StenfordCalculator;
			productReference = FAB92B091A7BF8B000FBB289 /* StenfordCalculator.app */;
			productType = "com.apple.product-type.application";
		};
		FAB92B1D1A7BF8B000FBB289 /* StenfordCalculatorTests */ = {
			isa = PBXNativeTarget;
			buildConfigurationList = FAB92B2B1A7BF8B000FBB289 /* Build configuration list for PBXNativeTarget "StenfordCalculatorTests" */;
			buildPhases = (
				FAB92B1A1A7BF8B000FBB289 /* Sources */,
				FAB92B1B1A7BF8B000FBB289 /* Frameworks */,
				FAB92B1C1A7BF8B000FBB289 /* Resources */,
			);
			buildRules = (
			);
			dependencies = (
				FAB92B201A7BF8B000FBB289 /* PBXTargetDependency */,
			);
			name = StenfordCalculatorTests;
			productName = StenfordCalculatorTests;
			productReference = FAB92B1E1A7BF8B000FBB289 /* StenfordCalculatorTests.xctest */;
			productType = "com.apple.product-type.bundle.unit-test";
		};
/* End PBXNativeTarget section */

/* Begin PBXProject section */
		FAB92B011A7BF8B000FBB289 /* Project object */ = {
			isa = PBXProject;
			attributes = {
				LastUpgradeCheck = 0610;
				ORGANIZATIONNAME = Oleksii;
				TargetAttributes = {
					FAB92B081A7BF8B000FBB289 = {
						CreatedOnToolsVersion = 6.1.1;
					};
					FAB92B1D1A7BF8B000FBB289 = {
						CreatedOnToolsVersion = 6.1.1;
						TestTargetID = FAB92B081A7BF8B000FBB289;
					};
				};
			};
			buildConfigurationList = FAB92B041A7BF8B000FBB289 /* Build configuration list for PBXProject "StenfordCalculator" */;
			compatibilityVersion = "Xcode 3.2";
			developmentRegion = English;
			hasScannedForEncodings = 0;
			knownRegions = (
				en,
				Base,
			);
			mainGroup = FAB92B001A7BF8B000FBB289;
			productRefGroup = FAB92B0A1A7BF8B000FBB289 /* Products */;
			projectDirPath = "";
			projectRoot = "";
			targets = (
				FAB92B081A7BF8B000FBB289 /* StenfordCalculator */,
				FAB92B1D1A7BF8B000FBB289 /* StenfordCalculatorTests */,
			);
		};
/* End PBXProject section */

/* Begin PBXResourcesBuildPhase section */
		FAB92B071A7BF8B000FBB289 /* Resources */ = {
			isa = PBXResourcesBuildPhase;
			buildActionMask = 2147483647;
			files = (
				FAB92B141A7BF8B000FBB289 /* Main.storyboard in Resources */,
				FAB92B191A7BF8B000FBB289 /* LaunchScreen.xib in Resources */,
				FAB92B161A7BF8B000FBB289 /* Images.xcassets in Resources */,
			);
			runOnlyForDeploymentPostprocessing = 0;
		};
		FAB92B1C1A7BF8B000FBB289 /* Resources */ = {
			isa = PBXResourcesBuildPhase;
			buildActionMask = 2147483647;
			files = (
			);
			runOnlyForDeploymentPostprocessing = 0;
		};
/* End PBXResourcesBuildPhase section */

/* Begin PBXSourcesBuildPhase section */
		FAB92B051A7BF8B000FBB289 /* Sources */ = {
			isa = PBXSourcesBuildPhase;
			buildActionMask = 2147483647;
			files = (
				FAB92B111A7BF8B000FBB289 /* ViewController.swift in Sources */,
				FAB92B0F1A7BF8B000FBB289 /* AppDelegate.swift in Sources */,
			);
			runOnlyForDeploymentPostprocessing = 0;
		};
		FAB92B1A1A7BF8B000FBB289 /* Sources */ = {
			isa = PBXSourcesBuildPhase;
			buildActionMask = 2147483647;
			files = (
				FAB92B251A7BF8B000FBB289 /* StenfordCalculatorTests.swift in Sources */,
			);
			runOnlyForDeploymentPostprocessing = 0;
		};
/* End PBXSourcesBuildPhase section */

/* Begin PBXTargetDependency section */
		FAB92B201A7BF8B000FBB289 /* PBXTargetDependency */ = {
			isa = PBXTargetDependency;
			target = FAB92B081A7BF8B000FBB289 /* StenfordCalculator */;
			targetProxy = FAB92B1F1A7BF8B000FBB289 /* PBXContainerItemProxy */;
		};
/* End PBXTargetDependency section */

/* Begin PBXVariantGroup section */
		FAB92B121A7BF8B000FBB289 /* Main.storyboard */ = {
			isa = PBXVariantGroup;
			children = (
				FAB92B131A7BF8B000FBB289 /* Base */,
			);
			name = Main.storyboard;
			sourceTree = "<group>";
		};
		FAB92B171A7BF8B000FBB289 /* LaunchScreen.xib */ = {
			isa = PBXVariantGroup;
			children = (
				FAB92B181A7BF8B000FBB289 /* Base */,
			);
			name = LaunchScreen.xib;
			sourceTree = "<group>";
		};
/* End PBXVariantGroup section */

/* Begin XCBuildConfiguration section */
		FAB92B261A7BF8B000FBB289 /* Debug */ = {
			isa = XCBuildConfiguration;
			buildSettings = {
				ALWAYS_SEARCH_USER_PATHS = NO;
				CLANG_CXX_LANGUAGE_STANDARD = "gnu++0x";
				CLANG_CXX_LIBRARY = "libc++";
				CLANG_ENABLE_MODULES = YES;
				CLANG_ENABLE_OBJC_ARC = YES;
				CLANG_WARN_BOOL_CONVERSION = YES;
				CLANG_WARN_CONSTANT_CONVERSION = YES;
				CLANG_WARN_DIRECT_OBJC_ISA_USAGE = YES_ERROR;
				CLANG_WARN_EMPTY_BODY = YES;
				CLANG_WARN_ENUM_CONVERSION = YES;
				CLANG_WARN_INT_CONVERSION = YES;
				CLANG_WARN_OBJC_ROOT_CLASS = YES_ERROR;
				CLANG_WARN_UNREACHABLE_CODE = YES;
				CLANG_WARN__DUPLICATE_METHOD_MATCH = YES;
				"CODE_SIGN_IDENTITY[sdk=iphoneos*]" = "iPhone Developer";
				COPY_PHASE_STRIP = NO;
				ENABLE_STRICT_OBJC_MSGSEND = YES;
				GCC_C_LANGUAGE_STANDARD = gnu99;
				GCC_DYNAMIC_NO_PIC = NO;
				GCC_OPTIMIZATION_LEVEL = 0;
				GCC_PREPROCESSOR_DEFINITIONS = (
					"DEBUG=1",
					"$(inherited)",
				);
				GCC_SYMBOLS_PRIVATE_EXTERN = NO;
				GCC_WARN_64_TO_32_BIT_CONVERSION = YES;
				GCC_WARN_ABOUT_RETURN_TYPE = YES_ERROR;
				GCC_WARN_UNDECLARED_SELECTOR = YES;
				GCC_WARN_UNINITIALIZED_AUTOS = YES_AGGRESSIVE;
				GCC_WARN_UNUSED_FUNCTION = YES;
				GCC_WARN_UNUSED_VARIABLE = YES;
				IPHONEOS_DEPLOYMENT_TARGET = 8.1;
				MTL_ENABLE_DEBUG_INFO = YES;
				ONLY_ACTIVE_ARCH = YES;
				SDKROOT = iphoneos;
				SWIFT_OPTIMIZATION_LEVEL = "-Onone";
				TARGETED_DEVICE_FAMILY = "1,2";
			};
			name = Debug;
		};
		FAB92B271A7BF8B000FBB289 /* Release */ = {
			isa = XCBuildConfiguration;
			buildSettings = {
				ALWAYS_SEARCH_USER_PATHS = NO;
				CLANG_CXX_LANGUAGE_STANDARD = "gnu++0x";
				CLANG_CXX_LIBRARY = "libc++";
				CLANG_ENABLE_MODULES = YES;
				CLANG_ENABLE_OBJC_ARC = YES;
				CLANG_WARN_BOOL_CONVERSION = YES;
				CLANG_WARN_CONSTANT_CONVERSION = YES;
				CLANG_WARN_DIRECT_OBJC_ISA_USAGE = YES_ERROR;
				CLANG_WARN_EMPTY_BODY = YES;
				CLANG_WARN_ENUM_CONVERSION = YES;
				CLANG_WARN_INT_CONVERSION = YES;
				CLANG_WARN_OBJC_ROOT_CLASS = YES_ERROR;
				CLANG_WARN_UNREACHABLE_CODE = YES;
				CLANG_WARN__DUPLICATE_METHOD_MATCH = YES;
				"CODE_SIGN_IDENTITY[sdk=iphoneos*]" = "iPhone Developer";
				COPY_PHASE_STRIP = YES;
				ENABLE_NS_ASSERTIONS = NO;
				ENABLE_STRICT_OBJC_MSGSEND = YES;
				GCC_C_LANGUAGE_STANDARD = gnu99;
				GCC_WARN_64_TO_32_BIT_CONVERSION = YES;
				GCC_WARN_ABOUT_RETURN_TYPE = YES_ERROR;
				GCC_WARN_UNDECLARED_SELECTOR = YES;
				GCC_WARN_UNINITIALIZED_AUTOS = YES_AGGRESSIVE;
				GCC_WARN_UNUSED_FUNCTION = YES;
				GCC_WARN_UNUSED_VARIABLE = YES;
				IPHONEOS_DEPLOYMENT_TARGET = 8.1;
				MTL_ENABLE_DEBUG_INFO = NO;
				SDKROOT = iphoneos;
				TARGETED_DEVICE_FAMILY = "1,2";
				VALIDATE_PRODUCT = YES;
			};
			name = Release;
		};
		FAB92B291A7BF8B000FBB289 /* Debug */ = {
			isa = XCBuildConfiguration;
			buildSettings = {
				ASSETCATALOG_COMPILER_APPICON_NAME = AppIcon;
				INFOPLIST_FILE = StenfordCalculator/Info.plist;
				LD_RUNPATH_SEARCH_PATHS = "$(inherited) @executable_path/Frameworks";
				PRODUCT_NAME = "$(TARGET_NAME)";
			};
			name = Debug;
		};
		FAB92B2A1A7BF8B000FBB289 /* Release */ = {
			isa = XCBuildConfiguration;
			buildSettings = {
				ASSETCATALOG_COMPILER_APPICON_NAME = AppIcon;
				INFOPLIST_FILE = StenfordCalculator/Info.plist;
				LD_RUNPATH_SEARCH_PATHS = "$(inherited) @executable_path/Frameworks";
				PRODUCT_NAME = "$(TARGET_NAME)";
			};
			name = Release;
		};
		FAB92B2C1A7BF8B000FBB289 /* Debug */ = {
			isa = XCBuildConfiguration;
			buildSettings = {
				BUNDLE_LOADER = "$(TEST_HOST)";
				FRAMEWORK_SEARCH_PATHS = (
					"$(SDKROOT)/Developer/Library/Frameworks",
					"$(inherited)",
				);
				GCC_PREPROCESSOR_DEFINITIONS = (
					"DEBUG=1",
					"$(inherited)",
				);
				INFOPLIST_FILE = StenfordCalculatorTests/Info.plist;
				LD_RUNPATH_SEARCH_PATHS = "$(inherited) @executable_path/Frameworks @loader_path/Frameworks";
				PRODUCT_NAME = "$(TARGET_NAME)";
				TEST_HOST = "$(BUILT_PRODUCTS_DIR)/StenfordCalculator.app/StenfordCalculator";
			};
			name = Debug;
		};
		FAB92B2D1A7BF8B000FBB289 /* Release */ = {
			isa = XCBuildConfiguration;
			buildSettings = {
				BUNDLE_LOADER = "$(TEST_HOST)";
				FRAMEWORK_SEARCH_PATHS = (
					"$(SDKROOT)/Developer/Library/Frameworks",
					"$(inherited)",
				);
				INFOPLIST_FILE = StenfordCalculatorTests/Info.plist;
				LD_RUNPATH_SEARCH_PATHS = "$(inherited) @executable_path/Frameworks @loader_path/Frameworks";
				PRODUCT_NAME = "$(TARGET_NAME)";
				TEST_HOST = "$(BUILT_PRODUCTS_DIR)/StenfordCalculator.app/StenfordCalculator";
			};
			name = Release;
		};
/* End XCBuildConfiguration section */

/* Begin XCConfigurationList section */
		FAB92B041A7BF8B000FBB289 /* Build configuration list for PBXProject "StenfordCalculator" */ = {
			isa = XCConfigurationList;
			buildConfigurations = (
				FAB92B261A7BF8B000FBB289 /* Debug */,
				FAB92B271A7BF8B000FBB289 /* Release */,
			);
			defaultConfigurationIsVisible = 0;
			defaultConfigurationName = Release;
		};
		FAB92B281A7BF8B000FBB289 /* Build configuration list for PBXNativeTarget "StenfordCalculator" */ = {
			isa = XCConfigurationList;
			buildConfigurations = (
				FAB92B291A7BF8B000FBB289 /* Debug */,
				FAB92B2A1A7BF8B000FBB289 /* Release */,
			);
			defaultConfigurationIsVisible = 0;
		};
		FAB92B2B1A7BF8B000FBB289 /* Build configuration list for PBXNativeTarget "StenfordCalculatorTests" */ = {
			isa = XCConfigurationList;
			buildConfigurations = (
				FAB92B2C1A7BF8B000FBB289 /* Debug */,
				FAB92B2D1A7BF8B000FBB289 /* Release */,
			);
			defaultConfigurationIsVisible = 0;
		};
/* End XCConfigurationList section */
	};
	rootObject = FAB92B011A7BF8B000FBB289 /* Project object */;
}
